
Microsoft Visual Studio Solution File, Format Version 12.00
# Visual Studio 15
VisualStudioVersion = 15.0.28307.168
MinimumVisualStudioVersion = 10.0.40219.1
Project("{FAE04EC0-301F-11D3-BF4B-00C04F79EFBC}") = "LongestWord", "LongestWord\LongestWord.csproj", "{4905BDB6-F84A-40B8-BA21-C89E56C8182C}"
EndProject
Global
	GlobalSection(SolutionConfigurationPlatforms) = preSolution
		Debug|Any CPU = Debug|Any CPU
		Release|Any CPU = Release|Any CPU
	EndGlobalSection
	GlobalSection(ProjectConfigurationPlatforms) = postSolution
		{4905BDB6-F84A-40B8-BA21-C89E56C8182C}.Debug|Any CPU.ActiveCfg = Debug|Any CPU
		{4905BDB6-F84A-40B8-BA21-C89E56C8182C}.Debug|Any CPU.Build.0 = Debug|Any CPU
		{4905BDB6-F84A-40B8-BA21-C89E56C8182C}.Release|Any CPU.ActiveCfg = Release|Any CPU
		{4905BDB6-F84A-40B8-BA21-C89E56C8182C}.Release|Any CPU.Build.0 = Release|Any CPU
	EndGlobalSection
	GlobalSection(SolutionProperties) = preSolution
		HideSolutionNode = FALSE
	EndGlobalSection
	GlobalSection(ExtensibilityGlobals) = postSolution
		SolutionGuid = {B531DD96-4E14-4C4D-9817-68D44F4BBAE1}
	EndGlobalSection
EndGlobal
